
Microsoft Visual Studio Solution File, Format Version 12.00
# Visual Studio Version 16
VisualStudioVersion = 16.0.30907.101
MinimumVisualStudioVersion = 10.0.40219.1
Project("{FAE04EC0-301F-11D3-BF4B-00C04F79EFBC}") = "BO", "BO\BO.csproj", "{26974CA8-731E-46AC-A40C-453E42C33AC7}"
EndProject
Project("{FAE04EC0-301F-11D3-BF4B-00C04F79EFBC}") = "Web", "Web\Web.csproj", "{BC924F0B-7535-4A1E-B3C6-DCD2201FFE0B}"
EndProject
Global
	GlobalSection(SolutionConfigurationPlatforms) = preSolution
		Debug|Any CPU = Debug|Any CPU
		Release|Any CPU = Release|Any CPU
	EndGlobalSection
	GlobalSection(ProjectConfigurationPlatforms) = postSolution
		{26974CA8-731E-46AC-A40C-453E42C33AC7}.Debug|Any CPU.ActiveCfg = Debug|Any CPU
		{26974CA8-731E-46AC-A40C-453E42C33AC7}.Debug|Any CPU.Build.0 = Debug|Any CPU
		{26974CA8-731E-46AC-A40C-453E42C33AC7}.Release|Any CPU.ActiveCfg = Release|Any CPU
		{26974CA8-731E-46AC-A40C-453E42C33AC7}.Release|Any CPU.Build.0 = Release|Any CPU
		{BC924F0B-7535-4A1E-B3C6-DCD2201FFE0B}.Debug|Any CPU.ActiveCfg = Debug|Any CPU
		{BC924F0B-7535-4A1E-B3C6-DCD2201FFE0B}.Debug|Any CPU.Build.0 = Debug|Any CPU
		{BC924F0B-7535-4A1E-B3C6-DCD2201FFE0B}.Release|Any CPU.ActiveCfg = Release|Any CPU
		{BC924F0B-7535-4A1E-B3C6-DCD2201FFE0B}.Release|Any CPU.Build.0 = Release|Any CPU
	EndGlobalSection
	GlobalSection(SolutionProperties) = preSolution
		HideSolutionNode = FALSE
	EndGlobalSection
	GlobalSection(ExtensibilityGlobals) = postSolution
		SolutionGuid = {AC86822C-068D-4F8A-BC39-ADEE97C31CE6}
	EndGlobalSection
EndGlobal
